
Microsoft Visual Studio Solution File, Format Version 12.00
# Visual Studio Version 16
VisualStudioVersion = 16.0.29215.179
MinimumVisualStudioVersion = 10.0.40219.1
Project("{2150E333-8FDC-42A3-9474-1A3956D46DE8}") = "Appataus", "Appataus", "{C635DC7A-2EE8-4F61-9B75-4289121C232F}"
EndProject
Project("{2150E333-8FDC-42A3-9474-1A3956D46DE8}") = "System", "System", "{8398946A-103E-4E5E-A15E-672006BCC88A}"
EndProject
Project("{9A19103F-16F7-4668-BE54-9A1E7A4F7556}") = "Apparatus.System.Backoffice", "Apparatus\System\Apparatus.System.Backoffice\Apparatus.System.Backoffice.csproj", "{8B6B1E78-1951-4D53-B3C7-69571F6FC6B9}"
EndProject
Project("{2150E333-8FDC-42A3-9474-1A3956D46DE8}") = "Application", "Application", "{7E4BC30F-6B6E-4808-A1E0-96FC370AC0D4}"
EndProject
Project("{9A19103F-16F7-4668-BE54-9A1E7A4F7556}") = "Apparatus.Application.Server", "Apparatus\Application\Apparatus.Application.Server\Apparatus.Application.Server.csproj", "{4F1BF0CF-C6D8-4876-8511-37E13F9C7003}"
EndProject
Project("{9A19103F-16F7-4668-BE54-9A1E7A4F7556}") = "Apparatus.System.Api", "Apparatus\System\Apparatus.System.Api\Apparatus.System.Api.csproj", "{1EFBC701-0720-4318-8EE2-B55DF823E5EC}"
EndProject
Project("{2150E333-8FDC-42A3-9474-1A3956D46DE8}") = "Borg", "Borg", "{F4F3D244-D49D-404A-A524-903F93540AE6}"
EndProject
Project("{9A19103F-16F7-4668-BE54-9A1E7A4F7556}") = "Borg.Common.Test", "Borg\Borg.Common.Test\Borg.Common.Test.csproj", "{241CCC3D-B0A2-4040-B921-538B31C6BF1D}"
EndProject
Project("{9A19103F-16F7-4668-BE54-9A1E7A4F7556}") = "Borg.Framework", "Borg\Framework\Borg.Framework\Borg.Framework.csproj", "{01E94090-B1F6-4AFD-AD6F-BDAE15CDB3DB}"
EndProject
Project("{9A19103F-16F7-4668-BE54-9A1E7A4F7556}") = "Borg.Framework.Autofac", "Borg\Framework\Borg.Framework.Autofac\Borg.Framework.Autofac.csproj", "{CDE550D1-5DB6-4046-8176-92E03CBA4309}"
EndProject
Project("{9A19103F-16F7-4668-BE54-9A1E7A4F7556}") = "Borg.Framework.Azure", "Borg\Framework\Borg.Framework.Azure\Borg.Framework.Azure.csproj", "{D88A5DC6-B57D-4805-95D7-A782A14B41EC}"
EndProject
Project("{9A19103F-16F7-4668-BE54-9A1E7A4F7556}") = "Borg.Framework.EF", "Borg\Framework\Borg.Framework.EF\Borg.Framework.EF.csproj", "{1BA7DD05-E101-411F-B250-C52B4B303E27}"
EndProject
Project("{9A19103F-16F7-4668-BE54-9A1E7A4F7556}") = "Borg.Framework.MVC", "Borg\Framework\Borg.Framework.MVC\Borg.Framework.MVC.csproj", "{6D300298-55B3-4E2C-A440-90CDE2CD6386}"
EndProject
Project("{9A19103F-16F7-4668-BE54-9A1E7A4F7556}") = "Borg.Infrastructure.Core", "Borg\Infrastructure\Borg.Infrastructure.Core\Borg.Infrastructure.Core.csproj", "{C63DF339-AA9E-4DC8-9646-49EB220D6915}"
EndProject
Project("{9A19103F-16F7-4668-BE54-9A1E7A4F7556}") = "Borg.Infrastructure.Core.Tests", "Borg\Infrastructure\Borg.Infrastructure.Core.Tests\Borg.Infrastructure.Core.Tests.csproj", "{81FEB35A-9F4A-49F9-8556-936D7ECB378E}"
EndProject
Project("{9A19103F-16F7-4668-BE54-9A1E7A4F7556}") = "Borg.Framework.SQLServer", "Borg\Framework\Borg.Framework.SQLServer\Borg.Framework.SQLServer.csproj", "{7C7A0817-C061-4E28-B874-B7A4363229A0}"
EndProject
Project("{9A19103F-16F7-4668-BE54-9A1E7A4F7556}") = "Borg.Platform.Web", "Borg\Platform\Borg.Platform.Web\Borg.Platform.Web.csproj", "{23FC5A0F-B947-498F-876B-73FFD8532FC8}"
EndProject
Project("{9A19103F-16F7-4668-BE54-9A1E7A4F7556}") = "Borg.Platform.SQLServer", "Borg\Platform\Borg.Platform.SQLServer\Borg.Platform.SQLServer.csproj", "{EBE77074-BDED-435C-A303-3050BEF369E7}"
EndProject
Project("{9A19103F-16F7-4668-BE54-9A1E7A4F7556}") = "Borg.Framework.Imaging", "Borg\Framework\Borg.Framework.Imaging\Borg.Framework.Imaging.csproj", "{46710D11-3A2A-45D2-AB30-85388BB930A4}"
EndProject
Project("{9A19103F-16F7-4668-BE54-9A1E7A4F7556}") = "Borg.Framework.Tests", "Borg\Framework\Borg.Framework.Tests\Borg.Framework.Tests.csproj", "{F0AEEC93-BC19-4AE1-B7ED-AC90D6BBF252}"
EndProject
Project("{9A19103F-16F7-4668-BE54-9A1E7A4F7556}") = "TestFileProviders", "Borg\Framework\TestFileProviders\TestFileProviders.csproj", "{695C83A0-94D7-4DF8-87CE-CDD07D12C986}"
EndProject
Project("{9A19103F-16F7-4668-BE54-9A1E7A4F7556}") = "Borg.Infrastructure.Core.Euclidean", "Borg\Infrastructure\Borg.Infrastructure.Core.Euclidean\Borg.Infrastructure.Core.Euclidean.csproj", "{A368E0E4-C475-4058-A6D9-407D3E245967}"
EndProject
Project("{9A19103F-16F7-4668-BE54-9A1E7A4F7556}") = "Borg.Platform.Imaging.ImageMagick", "Borg\Platform\Borg.Platform.Imaging.ImageMagick\Borg.Platform.Imaging.ImageMagick.csproj", "{38D5051A-24B5-4643-A598-AFEFEFAAC2D4}"
EndProject
Project("{9A19103F-16F7-4668-BE54-9A1E7A4F7556}") = "Borg.Platform.Indexing.Lucene", "Borg\Platform\Borg.Platform.Indexing.Lucene\Borg.Platform.Indexing.Lucene.csproj", "{3B5A3068-4B23-4D15-A7B9-FEFF21758E52}"
EndProject
Project("{9A19103F-16F7-4668-BE54-9A1E7A4F7556}") = "Borg.Samples.Platform.SQLServer", "Borg\Samples\Borg.Samples.Platform.SQLServer\Borg.Samples.Platform.SQLServer.csproj", "{FED8F9DD-3618-4852-BE16-F6442FD74B45}"
EndProject
Project("{9A19103F-16F7-4668-BE54-9A1E7A4F7556}") = "Borg.Samples.TagHelpers", "Borg\Samples\Borg.Samples.TagHelpers\Borg.Samples.TagHelpers.csproj", "{3E2D4AF8-DCF8-4150-8219-E0192C17E5A1}"
EndProject
Project("{2150E333-8FDC-42A3-9474-1A3956D46DE8}") = "Framework", "Framework", "{8062587F-07A7-4EBC-854B-9FF76200ADAC}"
EndProject
Project("{2150E333-8FDC-42A3-9474-1A3956D46DE8}") = "Infrastructure", "Infrastructure", "{5FA4E1EB-3C88-4CAA-BCD2-42F5AD3E9A7A}"
EndProject
Project("{2150E333-8FDC-42A3-9474-1A3956D46DE8}") = "Platform", "Platform", "{DE065686-2135-4CEB-9B11-995C22E75545}"
EndProject
Project("{2150E333-8FDC-42A3-9474-1A3956D46DE8}") = "Samples", "Samples", "{49A4149D-808A-46F0-8B1C-FDBBC0118764}"
EndProject
Project("{2150E333-8FDC-42A3-9474-1A3956D46DE8}") = "System", "System", "{4E1CDC92-7AAD-44A3-A098-00C57CDE780E}"
EndProject
Project("{9A19103F-16F7-4668-BE54-9A1E7A4F7556}") = "Borg.Platform.System", "Borg\Platform\Borg.Platform.System\Borg.Platform.System.csproj", "{910F12DD-909A-4044-A193-7AB6EB33BFBD}"
EndProject
Project("{9A19103F-16F7-4668-BE54-9A1E7A4F7556}") = "Borg.Platform.EF", "Borg\Platform\Borg.Platform.EF\Borg.Platform.EF.csproj", "{4F978594-7D6A-4942-8B63-B668B16551E0}"
EndProject
Project("{2150E333-8FDC-42A3-9474-1A3956D46DE8}") = "Modules", "Modules", "{AAA6E347-44A3-4847-B26A-BE0147036603}"
EndProject
Project("{9A19103F-16F7-4668-BE54-9A1E7A4F7556}") = "Borg.Platform.Hangfire", "Borg\Platform\Borg.Platform.Hangfire\Borg.Platform.Hangfire.csproj", "{119DD476-BE4E-44C1-A5DB-45D585FE507E}"
EndProject
Project("{2150E333-8FDC-42A3-9474-1A3956D46DE8}") = "Playground", "Playground", "{0E1055B3-D45E-4C5D-9404-0C21E79BCEC4}"
EndProject
Project("{9A19103F-16F7-4668-BE54-9A1E7A4F7556}") = "FunWithMvc", "Playground\FunWithMvc\FunWithMvc.csproj", "{BF081FF6-8622-4C18-B37A-E10076B72211}"
EndProject
Project("{2150E333-8FDC-42A3-9474-1A3956D46DE8}") = "Tooling", "Tooling", "{8E158E90-4461-435A-A3F6-0F4BCFA24B49}"
EndProject
Project("{2150E333-8FDC-42A3-9474-1A3956D46DE8}") = "Dockers", "Dockers", "{8CEFD1A9-981B-44B7-8D22-83CC7D1DBC3C}"
EndProject
Project("{2150E333-8FDC-42A3-9474-1A3956D46DE8}") = "Solr", "Solr", "{C9ECDA15-EE7C-4F79-8793-617D3B5134EE}"
	ProjectSection(SolutionItems) = preProject
		Tooling\Dockers\Solr\docker-compose.yml = Tooling\Dockers\Solr\docker-compose.yml
		Tooling\Dockers\Solr\Generate-Certificate.ps1 = Tooling\Dockers\Solr\Generate-Certificate.ps1
		Tooling\Dockers\Solr\README.md = Tooling\Dockers\Solr\README.md
		Tooling\Dockers\Solr\Start-Solr.cmd = Tooling\Dockers\Solr\Start-Solr.cmd
	EndProjectSection
EndProject
Project("{2150E333-8FDC-42A3-9474-1A3956D46DE8}") = "certs", "certs", "{253EA093-91EF-417B-B026-8AC8220D3FBB}"
	ProjectSection(SolutionItems) = preProject
		Tooling\Dockers\Solr\certs\README.md = Tooling\Dockers\Solr\certs\README.md
		Tooling\Dockers\Solr\certs\solr-ssl.keystore.pfx = Tooling\Dockers\Solr\certs\solr-ssl.keystore.pfx
	EndProjectSection
EndProject
Project("{2150E333-8FDC-42A3-9474-1A3956D46DE8}") = "solr_home", "solr_home", "{1051CEF9-79F2-4BB7-8D09-3F5715EE5C52}"
	ProjectSection(SolutionItems) = preProject
		Tooling\Dockers\Solr\solr_home\README.txt = Tooling\Dockers\Solr\solr_home\README.txt
		Tooling\Dockers\Solr\solr_home\solr.xml = Tooling\Dockers\Solr\solr_home\solr.xml
		Tooling\Dockers\Solr\solr_home\zoo.cfg = Tooling\Dockers\Solr\solr_home\zoo.cfg
	EndProjectSection
EndProject
Project("{2150E333-8FDC-42A3-9474-1A3956D46DE8}") = "configsets", "configsets", "{2E71FE55-EC28-4D1C-8B65-F313295BF11E}"
EndProject
Project("{2150E333-8FDC-42A3-9474-1A3956D46DE8}") = "configsets", "configsets", "{5A4DC40F-6638-4784-8FF1-E078B0950750}"
EndProject
Project("{2150E333-8FDC-42A3-9474-1A3956D46DE8}") = "configsets", "configsets", "{808EF87E-EFF8-4F88-A1E8-98608EBA2CB9}"
	ProjectSection(SolutionItems) = preProject
		Tooling\Dockers\Solr\solr_home\configsets\configsets\configsets\managed-schema = Tooling\Dockers\Solr\solr_home\configsets\configsets\configsets\managed-schema
		Tooling\Dockers\Solr\solr_home\configsets\configsets\configsets\params.json = Tooling\Dockers\Solr\solr_home\configsets\configsets\configsets\params.json
		Tooling\Dockers\Solr\solr_home\configsets\configsets\configsets\protwords.txt = Tooling\Dockers\Solr\solr_home\configsets\configsets\configsets\protwords.txt
		Tooling\Dockers\Solr\solr_home\configsets\configsets\configsets\solrconfig.xml = Tooling\Dockers\Solr\solr_home\configsets\configsets\configsets\solrconfig.xml
		Tooling\Dockers\Solr\solr_home\configsets\configsets\configsets\stopwords.txt = Tooling\Dockers\Solr\solr_home\configsets\configsets\configsets\stopwords.txt
		Tooling\Dockers\Solr\solr_home\configsets\configsets\configsets\synonyms.txt = Tooling\Dockers\Solr\solr_home\configsets\configsets\configsets\synonyms.txt
	EndProjectSection
EndProject
Project("{2150E333-8FDC-42A3-9474-1A3956D46DE8}") = "lang", "lang", "{CB5BE141-BF2D-485F-94A9-C029EFA67E04}"
	ProjectSection(SolutionItems) = preProject
		Tooling\Dockers\Solr\solr_home\configsets\configsets\configsets\lang\contractions_ca.txt = Tooling\Dockers\Solr\solr_home\configsets\configsets\configsets\lang\contractions_ca.txt
		Tooling\Dockers\Solr\solr_home\configsets\configsets\configsets\lang\contractions_fr.txt = Tooling\Dockers\Solr\solr_home\configsets\configsets\configsets\lang\contractions_fr.txt
		Tooling\Dockers\Solr\solr_home\configsets\configsets\configsets\lang\contractions_ga.txt = Tooling\Dockers\Solr\solr_home\configsets\configsets\configsets\lang\contractions_ga.txt
		Tooling\Dockers\Solr\solr_home\configsets\configsets\configsets\lang\contractions_it.txt = Tooling\Dockers\Solr\solr_home\configsets\configsets\configsets\lang\contractions_it.txt
		Tooling\Dockers\Solr\solr_home\configsets\configsets\configsets\lang\hyphenations_ga.txt = Tooling\Dockers\Solr\solr_home\configsets\configsets\configsets\lang\hyphenations_ga.txt
		Tooling\Dockers\Solr\solr_home\configsets\configsets\configsets\lang\stemdict_nl.txt = Tooling\Dockers\Solr\solr_home\configsets\configsets\configsets\lang\stemdict_nl.txt
		Tooling\Dockers\Solr\solr_home\configsets\configsets\configsets\lang\stoptags_ja.txt = Tooling\Dockers\Solr\solr_home\configsets\configsets\configsets\lang\stoptags_ja.txt
		Tooling\Dockers\Solr\solr_home\configsets\configsets\configsets\lang\stopwords_ar.txt = Tooling\Dockers\Solr\solr_home\configsets\configsets\configsets\lang\stopwords_ar.txt
		Tooling\Dockers\Solr\solr_home\configsets\configsets\configsets\lang\stopwords_bg.txt = Tooling\Dockers\Solr\solr_home\configsets\configsets\configsets\lang\stopwords_bg.txt
		Tooling\Dockers\Solr\solr_home\configsets\configsets\configsets\lang\stopwords_ca.txt = Tooling\Dockers\Solr\solr_home\configsets\configsets\configsets\lang\stopwords_ca.txt
		Tooling\Dockers\Solr\solr_home\configsets\configsets\configsets\lang\stopwords_cz.txt = Tooling\Dockers\Solr\solr_home\configsets\configsets\configsets\lang\stopwords_cz.txt
		Tooling\Dockers\Solr\solr_home\configsets\configsets\configsets\lang\stopwords_da.txt = Tooling\Dockers\Solr\solr_home\configsets\configsets\configsets\lang\stopwords_da.txt
		Tooling\Dockers\Solr\solr_home\configsets\configsets\configsets\lang\stopwords_de.txt = Tooling\Dockers\Solr\solr_home\configsets\configsets\configsets\lang\stopwords_de.txt
		Tooling\Dockers\Solr\solr_home\configsets\configsets\configsets\lang\stopwords_el.txt = Tooling\Dockers\Solr\solr_home\configsets\configsets\configsets\lang\stopwords_el.txt
		Tooling\Dockers\Solr\solr_home\configsets\configsets\configsets\lang\stopwords_en.txt = Tooling\Dockers\Solr\solr_home\configsets\configsets\configsets\lang\stopwords_en.txt
		Tooling\Dockers\Solr\solr_home\configsets\configsets\configsets\lang\stopwords_es.txt = Tooling\Dockers\Solr\solr_home\configsets\configsets\configsets\lang\stopwords_es.txt
		Tooling\Dockers\Solr\solr_home\configsets\configsets\configsets\lang\stopwords_eu.txt = Tooling\Dockers\Solr\solr_home\configsets\configsets\configsets\lang\stopwords_eu.txt
		Tooling\Dockers\Solr\solr_home\configsets\configsets\configsets\lang\stopwords_fa.txt = Tooling\Dockers\Solr\solr_home\configsets\configsets\configsets\lang\stopwords_fa.txt
		Tooling\Dockers\Solr\solr_home\configsets\configsets\configsets\lang\stopwords_fi.txt = Tooling\Dockers\Solr\solr_home\configsets\configsets\configsets\lang\stopwords_fi.txt
		Tooling\Dockers\Solr\solr_home\configsets\configsets\configsets\lang\stopwords_fr.txt = Tooling\Dockers\Solr\solr_home\configsets\configsets\configsets\lang\stopwords_fr.txt
		Tooling\Dockers\Solr\solr_home\configsets\configsets\configsets\lang\stopwords_ga.txt = Tooling\Dockers\Solr\solr_home\configsets\configsets\configsets\lang\stopwords_ga.txt
		Tooling\Dockers\Solr\solr_home\configsets\configsets\configsets\lang\stopwords_gl.txt = Tooling\Dockers\Solr\solr_home\configsets\configsets\configsets\lang\stopwords_gl.txt
		Tooling\Dockers\Solr\solr_home\configsets\configsets\configsets\lang\stopwords_hi.txt = Tooling\Dockers\Solr\solr_home\configsets\configsets\configsets\lang\stopwords_hi.txt
		Tooling\Dockers\Solr\solr_home\configsets\configsets\configsets\lang\stopwords_hu.txt = Tooling\Dockers\Solr\solr_home\configsets\configsets\configsets\lang\stopwords_hu.txt
		Tooling\Dockers\Solr\solr_home\configsets\configsets\configsets\lang\stopwords_hy.txt = Tooling\Dockers\Solr\solr_home\configsets\configsets\configsets\lang\stopwords_hy.txt
		Tooling\Dockers\Solr\solr_home\configsets\configsets\configsets\lang\stopwords_id.txt = Tooling\Dockers\Solr\solr_home\configsets\configsets\configsets\lang\stopwords_id.txt
		Tooling\Dockers\Solr\solr_home\configsets\configsets\configsets\lang\stopwords_it.txt = Tooling\Dockers\Solr\solr_home\configsets\configsets\configsets\lang\stopwords_it.txt
		Tooling\Dockers\Solr\solr_home\configsets\configsets\configsets\lang\stopwords_ja.txt = Tooling\Dockers\Solr\solr_home\configsets\configsets\configsets\lang\stopwords_ja.txt
		Tooling\Dockers\Solr\solr_home\configsets\configsets\configsets\lang\stopwords_lv.txt = Tooling\Dockers\Solr\solr_home\configsets\configsets\configsets\lang\stopwords_lv.txt
		Tooling\Dockers\Solr\solr_home\configsets\configsets\configsets\lang\stopwords_nl.txt = Tooling\Dockers\Solr\solr_home\configsets\configsets\configsets\lang\stopwords_nl.txt
		Tooling\Dockers\Solr\solr_home\configsets\configsets\configsets\lang\stopwords_no.txt = Tooling\Dockers\Solr\solr_home\configsets\configsets\configsets\lang\stopwords_no.txt
		Tooling\Dockers\Solr\solr_home\configsets\configsets\configsets\lang\stopwords_pt.txt = Tooling\Dockers\Solr\solr_home\configsets\configsets\configsets\lang\stopwords_pt.txt
		Tooling\Dockers\Solr\solr_home\configsets\configsets\configsets\lang\stopwords_ro.txt = Tooling\Dockers\Solr\solr_home\configsets\configsets\configsets\lang\stopwords_ro.txt
		Tooling\Dockers\Solr\solr_home\configsets\configsets\configsets\lang\stopwords_ru.txt = Tooling\Dockers\Solr\solr_home\configsets\configsets\configsets\lang\stopwords_ru.txt
		Tooling\Dockers\Solr\solr_home\configsets\configsets\configsets\lang\stopwords_sv.txt = Tooling\Dockers\Solr\solr_home\configsets\configsets\configsets\lang\stopwords_sv.txt
		Tooling\Dockers\Solr\solr_home\configsets\configsets\configsets\lang\stopwords_th.txt = Tooling\Dockers\Solr\solr_home\configsets\configsets\configsets\lang\stopwords_th.txt
		Tooling\Dockers\Solr\solr_home\configsets\configsets\configsets\lang\stopwords_tr.txt = Tooling\Dockers\Solr\solr_home\configsets\configsets\configsets\lang\stopwords_tr.txt
		Tooling\Dockers\Solr\solr_home\configsets\configsets\configsets\lang\userdict_ja.txt = Tooling\Dockers\Solr\solr_home\configsets\configsets\configsets\lang\userdict_ja.txt
	EndProjectSection
EndProject
Global
	GlobalSection(SolutionConfigurationPlatforms) = preSolution
		Debug|Any CPU = Debug|Any CPU
		Release|Any CPU = Release|Any CPU
	EndGlobalSection
	GlobalSection(ProjectConfigurationPlatforms) = postSolution
		{8B6B1E78-1951-4D53-B3C7-69571F6FC6B9}.Debug|Any CPU.ActiveCfg = Debug|Any CPU
		{8B6B1E78-1951-4D53-B3C7-69571F6FC6B9}.Debug|Any CPU.Build.0 = Debug|Any CPU
		{8B6B1E78-1951-4D53-B3C7-69571F6FC6B9}.Release|Any CPU.ActiveCfg = Release|Any CPU
		{8B6B1E78-1951-4D53-B3C7-69571F6FC6B9}.Release|Any CPU.Build.0 = Release|Any CPU
		{4F1BF0CF-C6D8-4876-8511-37E13F9C7003}.Debug|Any CPU.ActiveCfg = Debug|Any CPU
		{4F1BF0CF-C6D8-4876-8511-37E13F9C7003}.Debug|Any CPU.Build.0 = Debug|Any CPU
		{4F1BF0CF-C6D8-4876-8511-37E13F9C7003}.Release|Any CPU.ActiveCfg = Release|Any CPU
		{4F1BF0CF-C6D8-4876-8511-37E13F9C7003}.Release|Any CPU.Build.0 = Release|Any CPU
		{1EFBC701-0720-4318-8EE2-B55DF823E5EC}.Debug|Any CPU.ActiveCfg = Debug|Any CPU
		{1EFBC701-0720-4318-8EE2-B55DF823E5EC}.Debug|Any CPU.Build.0 = Debug|Any CPU
		{1EFBC701-0720-4318-8EE2-B55DF823E5EC}.Release|Any CPU.ActiveCfg = Release|Any CPU
		{1EFBC701-0720-4318-8EE2-B55DF823E5EC}.Release|Any CPU.Build.0 = Release|Any CPU
		{241CCC3D-B0A2-4040-B921-538B31C6BF1D}.Debug|Any CPU.ActiveCfg = Debug|Any CPU
		{241CCC3D-B0A2-4040-B921-538B31C6BF1D}.Debug|Any CPU.Build.0 = Debug|Any CPU
		{241CCC3D-B0A2-4040-B921-538B31C6BF1D}.Release|Any CPU.ActiveCfg = Release|Any CPU
		{241CCC3D-B0A2-4040-B921-538B31C6BF1D}.Release|Any CPU.Build.0 = Release|Any CPU
		{01E94090-B1F6-4AFD-AD6F-BDAE15CDB3DB}.Debug|Any CPU.ActiveCfg = Debug|Any CPU
		{01E94090-B1F6-4AFD-AD6F-BDAE15CDB3DB}.Debug|Any CPU.Build.0 = Debug|Any CPU
		{01E94090-B1F6-4AFD-AD6F-BDAE15CDB3DB}.Release|Any CPU.ActiveCfg = Release|Any CPU
		{01E94090-B1F6-4AFD-AD6F-BDAE15CDB3DB}.Release|Any CPU.Build.0 = Release|Any CPU
		{CDE550D1-5DB6-4046-8176-92E03CBA4309}.Debug|Any CPU.ActiveCfg = Debug|Any CPU
		{CDE550D1-5DB6-4046-8176-92E03CBA4309}.Debug|Any CPU.Build.0 = Debug|Any CPU
		{CDE550D1-5DB6-4046-8176-92E03CBA4309}.Release|Any CPU.ActiveCfg = Release|Any CPU
		{CDE550D1-5DB6-4046-8176-92E03CBA4309}.Release|Any CPU.Build.0 = Release|Any CPU
		{D88A5DC6-B57D-4805-95D7-A782A14B41EC}.Debug|Any CPU.ActiveCfg = Debug|Any CPU
		{D88A5DC6-B57D-4805-95D7-A782A14B41EC}.Debug|Any CPU.Build.0 = Debug|Any CPU
		{D88A5DC6-B57D-4805-95D7-A782A14B41EC}.Release|Any CPU.ActiveCfg = Release|Any CPU
		{D88A5DC6-B57D-4805-95D7-A782A14B41EC}.Release|Any CPU.Build.0 = Release|Any CPU
		{1BA7DD05-E101-411F-B250-C52B4B303E27}.Debug|Any CPU.ActiveCfg = Debug|Any CPU
		{1BA7DD05-E101-411F-B250-C52B4B303E27}.Debug|Any CPU.Build.0 = Debug|Any CPU
		{1BA7DD05-E101-411F-B250-C52B4B303E27}.Release|Any CPU.ActiveCfg = Release|Any CPU
		{1BA7DD05-E101-411F-B250-C52B4B303E27}.Release|Any CPU.Build.0 = Release|Any CPU
		{6D300298-55B3-4E2C-A440-90CDE2CD6386}.Debug|Any CPU.ActiveCfg = Debug|Any CPU
		{6D300298-55B3-4E2C-A440-90CDE2CD6386}.Debug|Any CPU.Build.0 = Debug|Any CPU
		{6D300298-55B3-4E2C-A440-90CDE2CD6386}.Release|Any CPU.ActiveCfg = Release|Any CPU
		{6D300298-55B3-4E2C-A440-90CDE2CD6386}.Release|Any CPU.Build.0 = Release|Any CPU
		{C63DF339-AA9E-4DC8-9646-49EB220D6915}.Debug|Any CPU.ActiveCfg = Debug|Any CPU
		{C63DF339-AA9E-4DC8-9646-49EB220D6915}.Debug|Any CPU.Build.0 = Debug|Any CPU
		{C63DF339-AA9E-4DC8-9646-49EB220D6915}.Release|Any CPU.ActiveCfg = Release|Any CPU
		{C63DF339-AA9E-4DC8-9646-49EB220D6915}.Release|Any CPU.Build.0 = Release|Any CPU
		{81FEB35A-9F4A-49F9-8556-936D7ECB378E}.Debug|Any CPU.ActiveCfg = Debug|Any CPU
		{81FEB35A-9F4A-49F9-8556-936D7ECB378E}.Debug|Any CPU.Build.0 = Debug|Any CPU
		{81FEB35A-9F4A-49F9-8556-936D7ECB378E}.Release|Any CPU.ActiveCfg = Release|Any CPU
		{81FEB35A-9F4A-49F9-8556-936D7ECB378E}.Release|Any CPU.Build.0 = Release|Any CPU
		{7C7A0817-C061-4E28-B874-B7A4363229A0}.Debug|Any CPU.ActiveCfg = Debug|Any CPU
		{7C7A0817-C061-4E28-B874-B7A4363229A0}.Debug|Any CPU.Build.0 = Debug|Any CPU
		{7C7A0817-C061-4E28-B874-B7A4363229A0}.Release|Any CPU.ActiveCfg = Release|Any CPU
		{7C7A0817-C061-4E28-B874-B7A4363229A0}.Release|Any CPU.Build.0 = Release|Any CPU
		{23FC5A0F-B947-498F-876B-73FFD8532FC8}.Debug|Any CPU.ActiveCfg = Debug|Any CPU
		{23FC5A0F-B947-498F-876B-73FFD8532FC8}.Debug|Any CPU.Build.0 = Debug|Any CPU
		{23FC5A0F-B947-498F-876B-73FFD8532FC8}.Release|Any CPU.ActiveCfg = Release|Any CPU
		{23FC5A0F-B947-498F-876B-73FFD8532FC8}.Release|Any CPU.Build.0 = Release|Any CPU
		{EBE77074-BDED-435C-A303-3050BEF369E7}.Debug|Any CPU.ActiveCfg = Debug|Any CPU
		{EBE77074-BDED-435C-A303-3050BEF369E7}.Debug|Any CPU.Build.0 = Debug|Any CPU
		{EBE77074-BDED-435C-A303-3050BEF369E7}.Release|Any CPU.ActiveCfg = Release|Any CPU
		{EBE77074-BDED-435C-A303-3050BEF369E7}.Release|Any CPU.Build.0 = Release|Any CPU
		{46710D11-3A2A-45D2-AB30-85388BB930A4}.Debug|Any CPU.ActiveCfg = Debug|Any CPU
		{46710D11-3A2A-45D2-AB30-85388BB930A4}.Debug|Any CPU.Build.0 = Debug|Any CPU
		{46710D11-3A2A-45D2-AB30-85388BB930A4}.Release|Any CPU.ActiveCfg = Release|Any CPU
		{46710D11-3A2A-45D2-AB30-85388BB930A4}.Release|Any CPU.Build.0 = Release|Any CPU
		{F0AEEC93-BC19-4AE1-B7ED-AC90D6BBF252}.Debug|Any CPU.ActiveCfg = Debug|Any CPU
		{F0AEEC93-BC19-4AE1-B7ED-AC90D6BBF252}.Debug|Any CPU.Build.0 = Debug|Any CPU
		{F0AEEC93-BC19-4AE1-B7ED-AC90D6BBF252}.Release|Any CPU.ActiveCfg = Release|Any CPU
		{F0AEEC93-BC19-4AE1-B7ED-AC90D6BBF252}.Release|Any CPU.Build.0 = Release|Any CPU
		{695C83A0-94D7-4DF8-87CE-CDD07D12C986}.Debug|Any CPU.ActiveCfg = Debug|Any CPU
		{695C83A0-94D7-4DF8-87CE-CDD07D12C986}.Debug|Any CPU.Build.0 = Debug|Any CPU
		{695C83A0-94D7-4DF8-87CE-CDD07D12C986}.Release|Any CPU.ActiveCfg = Release|Any CPU
		{695C83A0-94D7-4DF8-87CE-CDD07D12C986}.Release|Any CPU.Build.0 = Release|Any CPU
		{A368E0E4-C475-4058-A6D9-407D3E245967}.Debug|Any CPU.ActiveCfg = Debug|Any CPU
		{A368E0E4-C475-4058-A6D9-407D3E245967}.Debug|Any CPU.Build.0 = Debug|Any CPU
		{A368E0E4-C475-4058-A6D9-407D3E245967}.Release|Any CPU.ActiveCfg = Release|Any CPU
		{A368E0E4-C475-4058-A6D9-407D3E245967}.Release|Any CPU.Build.0 = Release|Any CPU
		{38D5051A-24B5-4643-A598-AFEFEFAAC2D4}.Debug|Any CPU.ActiveCfg = Debug|Any CPU
		{38D5051A-24B5-4643-A598-AFEFEFAAC2D4}.Debug|Any CPU.Build.0 = Debug|Any CPU
		{38D5051A-24B5-4643-A598-AFEFEFAAC2D4}.Release|Any CPU.ActiveCfg = Release|Any CPU
		{38D5051A-24B5-4643-A598-AFEFEFAAC2D4}.Release|Any CPU.Build.0 = Release|Any CPU
		{3B5A3068-4B23-4D15-A7B9-FEFF21758E52}.Debug|Any CPU.ActiveCfg = Debug|Any CPU
		{3B5A3068-4B23-4D15-A7B9-FEFF21758E52}.Debug|Any CPU.Build.0 = Debug|Any CPU
		{3B5A3068-4B23-4D15-A7B9-FEFF21758E52}.Release|Any CPU.ActiveCfg = Release|Any CPU
		{3B5A3068-4B23-4D15-A7B9-FEFF21758E52}.Release|Any CPU.Build.0 = Release|Any CPU
		{FED8F9DD-3618-4852-BE16-F6442FD74B45}.Debug|Any CPU.ActiveCfg = Debug|Any CPU
		{FED8F9DD-3618-4852-BE16-F6442FD74B45}.Debug|Any CPU.Build.0 = Debug|Any CPU
		{FED8F9DD-3618-4852-BE16-F6442FD74B45}.Release|Any CPU.ActiveCfg = Release|Any CPU
		{FED8F9DD-3618-4852-BE16-F6442FD74B45}.Release|Any CPU.Build.0 = Release|Any CPU
		{3E2D4AF8-DCF8-4150-8219-E0192C17E5A1}.Debug|Any CPU.ActiveCfg = Debug|Any CPU
		{3E2D4AF8-DCF8-4150-8219-E0192C17E5A1}.Debug|Any CPU.Build.0 = Debug|Any CPU
		{3E2D4AF8-DCF8-4150-8219-E0192C17E5A1}.Release|Any CPU.ActiveCfg = Release|Any CPU
		{3E2D4AF8-DCF8-4150-8219-E0192C17E5A1}.Release|Any CPU.Build.0 = Release|Any CPU
		{910F12DD-909A-4044-A193-7AB6EB33BFBD}.Debug|Any CPU.ActiveCfg = Debug|Any CPU
		{910F12DD-909A-4044-A193-7AB6EB33BFBD}.Debug|Any CPU.Build.0 = Debug|Any CPU
		{910F12DD-909A-4044-A193-7AB6EB33BFBD}.Release|Any CPU.ActiveCfg = Release|Any CPU
		{910F12DD-909A-4044-A193-7AB6EB33BFBD}.Release|Any CPU.Build.0 = Release|Any CPU
		{4F978594-7D6A-4942-8B63-B668B16551E0}.Debug|Any CPU.ActiveCfg = Debug|Any CPU
		{4F978594-7D6A-4942-8B63-B668B16551E0}.Debug|Any CPU.Build.0 = Debug|Any CPU
		{4F978594-7D6A-4942-8B63-B668B16551E0}.Release|Any CPU.ActiveCfg = Release|Any CPU
		{4F978594-7D6A-4942-8B63-B668B16551E0}.Release|Any CPU.Build.0 = Release|Any CPU
		{119DD476-BE4E-44C1-A5DB-45D585FE507E}.Debug|Any CPU.ActiveCfg = Debug|Any CPU
		{119DD476-BE4E-44C1-A5DB-45D585FE507E}.Debug|Any CPU.Build.0 = Debug|Any CPU
		{119DD476-BE4E-44C1-A5DB-45D585FE507E}.Release|Any CPU.ActiveCfg = Release|Any CPU
		{119DD476-BE4E-44C1-A5DB-45D585FE507E}.Release|Any CPU.Build.0 = Release|Any CPU
		{BF081FF6-8622-4C18-B37A-E10076B72211}.Debug|Any CPU.ActiveCfg = Debug|Any CPU
		{BF081FF6-8622-4C18-B37A-E10076B72211}.Debug|Any CPU.Build.0 = Debug|Any CPU
		{BF081FF6-8622-4C18-B37A-E10076B72211}.Release|Any CPU.ActiveCfg = Release|Any CPU
		{BF081FF6-8622-4C18-B37A-E10076B72211}.Release|Any CPU.Build.0 = Release|Any CPU
	EndGlobalSection
	GlobalSection(SolutionProperties) = preSolution
		HideSolutionNode = FALSE
	EndGlobalSection
	GlobalSection(NestedProjects) = preSolution
		{8398946A-103E-4E5E-A15E-672006BCC88A} = {C635DC7A-2EE8-4F61-9B75-4289121C232F}
		{8B6B1E78-1951-4D53-B3C7-69571F6FC6B9} = {8398946A-103E-4E5E-A15E-672006BCC88A}
		{7E4BC30F-6B6E-4808-A1E0-96FC370AC0D4} = {C635DC7A-2EE8-4F61-9B75-4289121C232F}
		{4F1BF0CF-C6D8-4876-8511-37E13F9C7003} = {7E4BC30F-6B6E-4808-A1E0-96FC370AC0D4}
		{1EFBC701-0720-4318-8EE2-B55DF823E5EC} = {8398946A-103E-4E5E-A15E-672006BCC88A}
		{241CCC3D-B0A2-4040-B921-538B31C6BF1D} = {F4F3D244-D49D-404A-A524-903F93540AE6}
		{01E94090-B1F6-4AFD-AD6F-BDAE15CDB3DB} = {8062587F-07A7-4EBC-854B-9FF76200ADAC}
		{CDE550D1-5DB6-4046-8176-92E03CBA4309} = {8062587F-07A7-4EBC-854B-9FF76200ADAC}
		{D88A5DC6-B57D-4805-95D7-A782A14B41EC} = {8062587F-07A7-4EBC-854B-9FF76200ADAC}
		{1BA7DD05-E101-411F-B250-C52B4B303E27} = {8062587F-07A7-4EBC-854B-9FF76200ADAC}
		{6D300298-55B3-4E2C-A440-90CDE2CD6386} = {8062587F-07A7-4EBC-854B-9FF76200ADAC}
		{C63DF339-AA9E-4DC8-9646-49EB220D6915} = {5FA4E1EB-3C88-4CAA-BCD2-42F5AD3E9A7A}
		{81FEB35A-9F4A-49F9-8556-936D7ECB378E} = {5FA4E1EB-3C88-4CAA-BCD2-42F5AD3E9A7A}
		{7C7A0817-C061-4E28-B874-B7A4363229A0} = {8062587F-07A7-4EBC-854B-9FF76200ADAC}
		{23FC5A0F-B947-498F-876B-73FFD8532FC8} = {DE065686-2135-4CEB-9B11-995C22E75545}
		{EBE77074-BDED-435C-A303-3050BEF369E7} = {DE065686-2135-4CEB-9B11-995C22E75545}
		{46710D11-3A2A-45D2-AB30-85388BB930A4} = {8062587F-07A7-4EBC-854B-9FF76200ADAC}
		{F0AEEC93-BC19-4AE1-B7ED-AC90D6BBF252} = {8062587F-07A7-4EBC-854B-9FF76200ADAC}
		{695C83A0-94D7-4DF8-87CE-CDD07D12C986} = {49A4149D-808A-46F0-8B1C-FDBBC0118764}
		{A368E0E4-C475-4058-A6D9-407D3E245967} = {5FA4E1EB-3C88-4CAA-BCD2-42F5AD3E9A7A}
		{38D5051A-24B5-4643-A598-AFEFEFAAC2D4} = {DE065686-2135-4CEB-9B11-995C22E75545}
		{3B5A3068-4B23-4D15-A7B9-FEFF21758E52} = {DE065686-2135-4CEB-9B11-995C22E75545}
		{FED8F9DD-3618-4852-BE16-F6442FD74B45} = {49A4149D-808A-46F0-8B1C-FDBBC0118764}
		{3E2D4AF8-DCF8-4150-8219-E0192C17E5A1} = {49A4149D-808A-46F0-8B1C-FDBBC0118764}
		{8062587F-07A7-4EBC-854B-9FF76200ADAC} = {F4F3D244-D49D-404A-A524-903F93540AE6}
		{5FA4E1EB-3C88-4CAA-BCD2-42F5AD3E9A7A} = {F4F3D244-D49D-404A-A524-903F93540AE6}
		{DE065686-2135-4CEB-9B11-995C22E75545} = {F4F3D244-D49D-404A-A524-903F93540AE6}
		{49A4149D-808A-46F0-8B1C-FDBBC0118764} = {F4F3D244-D49D-404A-A524-903F93540AE6}
		{4E1CDC92-7AAD-44A3-A098-00C57CDE780E} = {F4F3D244-D49D-404A-A524-903F93540AE6}
		{910F12DD-909A-4044-A193-7AB6EB33BFBD} = {DE065686-2135-4CEB-9B11-995C22E75545}
		{4F978594-7D6A-4942-8B63-B668B16551E0} = {DE065686-2135-4CEB-9B11-995C22E75545}
		{AAA6E347-44A3-4847-B26A-BE0147036603} = {C635DC7A-2EE8-4F61-9B75-4289121C232F}
		{119DD476-BE4E-44C1-A5DB-45D585FE507E} = {DE065686-2135-4CEB-9B11-995C22E75545}
		{BF081FF6-8622-4C18-B37A-E10076B72211} = {0E1055B3-D45E-4C5D-9404-0C21E79BCEC4}
		{8CEFD1A9-981B-44B7-8D22-83CC7D1DBC3C} = {8E158E90-4461-435A-A3F6-0F4BCFA24B49}
		{C9ECDA15-EE7C-4F79-8793-617D3B5134EE} = {8CEFD1A9-981B-44B7-8D22-83CC7D1DBC3C}
		{253EA093-91EF-417B-B026-8AC8220D3FBB} = {C9ECDA15-EE7C-4F79-8793-617D3B5134EE}
		{1051CEF9-79F2-4BB7-8D09-3F5715EE5C52} = {C9ECDA15-EE7C-4F79-8793-617D3B5134EE}
		{2E71FE55-EC28-4D1C-8B65-F313295BF11E} = {1051CEF9-79F2-4BB7-8D09-3F5715EE5C52}
		{5A4DC40F-6638-4784-8FF1-E078B0950750} = {2E71FE55-EC28-4D1C-8B65-F313295BF11E}
		{808EF87E-EFF8-4F88-A1E8-98608EBA2CB9} = {5A4DC40F-6638-4784-8FF1-E078B0950750}
		{CB5BE141-BF2D-485F-94A9-C029EFA67E04} = {808EF87E-EFF8-4F88-A1E8-98608EBA2CB9}
	EndGlobalSection
	GlobalSection(ExtensibilityGlobals) = postSolution
		SolutionGuid = {1532DD30-AFF2-46C7-BD8F-86371FD48BFE}
	EndGlobalSection
EndGlobal
