
Microsoft Visual Studio Solution File, Format Version 12.00
# Visual Studio Version 16
VisualStudioVersion = 16.0.29215.179
MinimumVisualStudioVersion = 10.0.40219.1
Project("{2150E333-8FDC-42A3-9474-1A3956D46DE8}") = "Appataus", "Appataus", "{C635DC7A-2EE8-4F61-9B75-4289121C232F}"
EndProject
Project("{2150E333-8FDC-42A3-9474-1A3956D46DE8}") = "System", "System", "{8398946A-103E-4E5E-A15E-672006BCC88A}"
EndProject
Project("{FAE04EC0-301F-11D3-BF4B-00C04F79EFBC}") = "Apparatus.System.Backoffice", "Apparatus\System\Apparatus.System.Backoffice\Apparatus.System.Backoffice.csproj", "{8B6B1E78-1951-4D53-B3C7-69571F6FC6B9}"
EndProject
Global
	GlobalSection(SolutionConfigurationPlatforms) = preSolution
		Debug|Any CPU = Debug|Any CPU
		Release|Any CPU = Release|Any CPU
	EndGlobalSection
	GlobalSection(ProjectConfigurationPlatforms) = postSolution
		{8B6B1E78-1951-4D53-B3C7-69571F6FC6B9}.Debug|Any CPU.ActiveCfg = Debug|Any CPU
		{8B6B1E78-1951-4D53-B3C7-69571F6FC6B9}.Debug|Any CPU.Build.0 = Debug|Any CPU
		{8B6B1E78-1951-4D53-B3C7-69571F6FC6B9}.Release|Any CPU.ActiveCfg = Release|Any CPU
		{8B6B1E78-1951-4D53-B3C7-69571F6FC6B9}.Release|Any CPU.Build.0 = Release|Any CPU
	EndGlobalSection
	GlobalSection(SolutionProperties) = preSolution
		HideSolutionNode = FALSE
	EndGlobalSection
	GlobalSection(NestedProjects) = preSolution
		{8398946A-103E-4E5E-A15E-672006BCC88A} = {C635DC7A-2EE8-4F61-9B75-4289121C232F}
		{8B6B1E78-1951-4D53-B3C7-69571F6FC6B9} = {8398946A-103E-4E5E-A15E-672006BCC88A}
	EndGlobalSection
	GlobalSection(ExtensibilityGlobals) = postSolution
		SolutionGuid = {1532DD30-AFF2-46C7-BD8F-86371FD48BFE}
	EndGlobalSection
EndGlobal
