
Microsoft Visual Studio Solution File, Format Version 12.00
# Visual Studio Version 16
VisualStudioVersion = 16.0.29215.179
MinimumVisualStudioVersion = 10.0.40219.1
Project("{2150E333-8FDC-42A3-9474-1A3956D46DE8}") = "Framework", "Framework", "{467B140E-EF57-4CB1-BDC2-A032E760CE50}"
EndProject
Project("{2150E333-8FDC-42A3-9474-1A3956D46DE8}") = "Infrastructure", "Infrastructure", "{E364FBA0-1262-465C-8AD1-6B9859C64D34}"
EndProject
Project("{9A19103F-16F7-4668-BE54-9A1E7A4F7556}") = "Borg.Infrastructure.Core", "Borg\Infrastructure\Borg.Infrastructure.Core\Borg.Infrastructure.Core.csproj", "{4F6A9CEE-15AE-4E1D-A8F4-6D89E7B8ECFC}"
EndProject
Project("{9A19103F-16F7-4668-BE54-9A1E7A4F7556}") = "Borg.Framework", "Borg\Framework\Borg.Framework\Borg.Framework.csproj", "{CF24D548-893E-4AAA-85DA-AE5E55907155}"
EndProject
Project("{9A19103F-16F7-4668-BE54-9A1E7A4F7556}") = "Borg.Framework.Autofac", "Borg\Framework\Borg.Framework.Autofac\Borg.Framework.Autofac.csproj", "{3B8AED12-7214-4284-9696-13D0E6D769B9}"
EndProject
Project("{9A19103F-16F7-4668-BE54-9A1E7A4F7556}") = "Borg.Framework.EF", "Borg\Framework\Borg.Framework.EF\Borg.Framework.EF.csproj", "{02AF800E-C0CC-4910-99D8-EB92D5451B66}"
EndProject
Project("{9A19103F-16F7-4668-BE54-9A1E7A4F7556}") = "Borg.Infrastructure.Core.Tests", "Borg\Infrastructure\Borg.Infrastructure.Core.Tests\Borg.Infrastructure.Core.Tests.csproj", "{214CDDBB-D1B2-49B1-8313-6696C74BE8DA}"
EndProject
Project("{9A19103F-16F7-4668-BE54-9A1E7A4F7556}") = "Borg.Common.Test", "Borg\Borg.Common.Test\Borg.Common.Test.csproj", "{6E8DEAC0-84B1-45F8-8F14-27924EDFA9E0}"
EndProject
Project("{2150E333-8FDC-42A3-9474-1A3956D46DE8}") = "Platform", "Platform", "{41EEE61C-CA95-4DBA-8699-CD436BA8CF89}"
EndProject
Project("{9A19103F-16F7-4668-BE54-9A1E7A4F7556}") = "Borg.Framework.MVC", "Borg\Framework\Borg.Framework.MVC\Borg.Framework.MVC.csproj", "{3D5CDB45-39AB-4E01-9DE4-962D592C88D2}"
EndProject
Project("{9A19103F-16F7-4668-BE54-9A1E7A4F7556}") = "Borg.Framework.Azure", "Borg\Framework\Borg.Framework.Azure\Borg.Framework.Azure.csproj", "{B1E48ED1-9F74-43FC-94DC-4B3202DD078A}"
EndProject
Project("{9A19103F-16F7-4668-BE54-9A1E7A4F7556}") = "TestFileProviders", "Borg\Framework\TestFileProviders\TestFileProviders.csproj", "{BE7A855B-CBFB-4275-B0DB-6BEDCB4FBF10}"
EndProject
Project("{9A19103F-16F7-4668-BE54-9A1E7A4F7556}") = "Borg.Framework.Tests", "Borg\Framework\Borg.Framework.Tests\Borg.Framework.Tests.csproj", "{632AA6DC-7A4F-4BB0-8996-9AB528E49DAB}"
EndProject
Project("{9A19103F-16F7-4668-BE54-9A1E7A4F7556}") = "Borg.Framework.SQLServer", "Borg\Framework\Borg.Framework.SQLServer\Borg.Framework.SQLServer.csproj", "{1127B001-D16A-4512-AAF9-183C150C8D55}"
EndProject
Project("{9A19103F-16F7-4668-BE54-9A1E7A4F7556}") = "Borg.Platform.Web", "Borg\Platform\Borg.Platform.Web\Borg.Platform.Web.csproj", "{0D7C43D6-C1F3-464E-9E00-4E50E4605B9D}"
EndProject
Project("{2150E333-8FDC-42A3-9474-1A3956D46DE8}") = "Samples", "Samples", "{ADDC8770-4CB2-4D7E-983B-9495C81FE775}"
EndProject
Project("{9A19103F-16F7-4668-BE54-9A1E7A4F7556}") = "Borg.Samples.TagHelpers", "Borg\Samples\Borg.Samples.TagHelpers\Borg.Samples.TagHelpers.csproj", "{75DFDF0D-4959-4DE7-8CFC-325C4967CC7E}"
EndProject
Project("{9A19103F-16F7-4668-BE54-9A1E7A4F7556}") = "Borg.Platform.SQLServer", "Borg\Platform\Borg.Platform.SQLServer\Borg.Platform.SQLServer.csproj", "{8B309167-0A4F-4E06-8423-08DC87591B5E}"
EndProject
Project("{FAE04EC0-301F-11D3-BF4B-00C04F79EFBC}") = "Borg.Samples.Platform.SQLServer", "Borg\Samples\Borg.Samples.Platform.SQLServer\Borg.Samples.Platform.SQLServer.csproj", "{8747F8AB-E8F5-41DF-A8C4-9FF445F06690}"
EndProject
Global
	GlobalSection(SolutionConfigurationPlatforms) = preSolution
		Debug|Any CPU = Debug|Any CPU
		Release|Any CPU = Release|Any CPU
	EndGlobalSection
	GlobalSection(ProjectConfigurationPlatforms) = postSolution
		{4F6A9CEE-15AE-4E1D-A8F4-6D89E7B8ECFC}.Debug|Any CPU.ActiveCfg = Debug|Any CPU
		{4F6A9CEE-15AE-4E1D-A8F4-6D89E7B8ECFC}.Debug|Any CPU.Build.0 = Debug|Any CPU
		{4F6A9CEE-15AE-4E1D-A8F4-6D89E7B8ECFC}.Release|Any CPU.ActiveCfg = Release|Any CPU
		{4F6A9CEE-15AE-4E1D-A8F4-6D89E7B8ECFC}.Release|Any CPU.Build.0 = Release|Any CPU
		{CF24D548-893E-4AAA-85DA-AE5E55907155}.Debug|Any CPU.ActiveCfg = Debug|Any CPU
		{CF24D548-893E-4AAA-85DA-AE5E55907155}.Debug|Any CPU.Build.0 = Debug|Any CPU
		{CF24D548-893E-4AAA-85DA-AE5E55907155}.Release|Any CPU.ActiveCfg = Release|Any CPU
		{CF24D548-893E-4AAA-85DA-AE5E55907155}.Release|Any CPU.Build.0 = Release|Any CPU
		{3B8AED12-7214-4284-9696-13D0E6D769B9}.Debug|Any CPU.ActiveCfg = Debug|Any CPU
		{3B8AED12-7214-4284-9696-13D0E6D769B9}.Debug|Any CPU.Build.0 = Debug|Any CPU
		{3B8AED12-7214-4284-9696-13D0E6D769B9}.Release|Any CPU.ActiveCfg = Release|Any CPU
		{3B8AED12-7214-4284-9696-13D0E6D769B9}.Release|Any CPU.Build.0 = Release|Any CPU
		{02AF800E-C0CC-4910-99D8-EB92D5451B66}.Debug|Any CPU.ActiveCfg = Debug|Any CPU
		{02AF800E-C0CC-4910-99D8-EB92D5451B66}.Debug|Any CPU.Build.0 = Debug|Any CPU
		{02AF800E-C0CC-4910-99D8-EB92D5451B66}.Release|Any CPU.ActiveCfg = Release|Any CPU
		{02AF800E-C0CC-4910-99D8-EB92D5451B66}.Release|Any CPU.Build.0 = Release|Any CPU
		{214CDDBB-D1B2-49B1-8313-6696C74BE8DA}.Debug|Any CPU.ActiveCfg = Debug|Any CPU
		{214CDDBB-D1B2-49B1-8313-6696C74BE8DA}.Debug|Any CPU.Build.0 = Debug|Any CPU
		{214CDDBB-D1B2-49B1-8313-6696C74BE8DA}.Release|Any CPU.ActiveCfg = Release|Any CPU
		{214CDDBB-D1B2-49B1-8313-6696C74BE8DA}.Release|Any CPU.Build.0 = Release|Any CPU
		{6E8DEAC0-84B1-45F8-8F14-27924EDFA9E0}.Debug|Any CPU.ActiveCfg = Debug|Any CPU
		{6E8DEAC0-84B1-45F8-8F14-27924EDFA9E0}.Debug|Any CPU.Build.0 = Debug|Any CPU
		{6E8DEAC0-84B1-45F8-8F14-27924EDFA9E0}.Release|Any CPU.ActiveCfg = Release|Any CPU
		{6E8DEAC0-84B1-45F8-8F14-27924EDFA9E0}.Release|Any CPU.Build.0 = Release|Any CPU
		{3D5CDB45-39AB-4E01-9DE4-962D592C88D2}.Debug|Any CPU.ActiveCfg = Debug|Any CPU
		{3D5CDB45-39AB-4E01-9DE4-962D592C88D2}.Debug|Any CPU.Build.0 = Debug|Any CPU
		{3D5CDB45-39AB-4E01-9DE4-962D592C88D2}.Release|Any CPU.ActiveCfg = Release|Any CPU
		{3D5CDB45-39AB-4E01-9DE4-962D592C88D2}.Release|Any CPU.Build.0 = Release|Any CPU
		{B1E48ED1-9F74-43FC-94DC-4B3202DD078A}.Debug|Any CPU.ActiveCfg = Debug|Any CPU
		{B1E48ED1-9F74-43FC-94DC-4B3202DD078A}.Debug|Any CPU.Build.0 = Debug|Any CPU
		{B1E48ED1-9F74-43FC-94DC-4B3202DD078A}.Release|Any CPU.ActiveCfg = Release|Any CPU
		{B1E48ED1-9F74-43FC-94DC-4B3202DD078A}.Release|Any CPU.Build.0 = Release|Any CPU
		{BE7A855B-CBFB-4275-B0DB-6BEDCB4FBF10}.Debug|Any CPU.ActiveCfg = Debug|Any CPU
		{BE7A855B-CBFB-4275-B0DB-6BEDCB4FBF10}.Debug|Any CPU.Build.0 = Debug|Any CPU
		{BE7A855B-CBFB-4275-B0DB-6BEDCB4FBF10}.Release|Any CPU.ActiveCfg = Release|Any CPU
		{BE7A855B-CBFB-4275-B0DB-6BEDCB4FBF10}.Release|Any CPU.Build.0 = Release|Any CPU
		{632AA6DC-7A4F-4BB0-8996-9AB528E49DAB}.Debug|Any CPU.ActiveCfg = Debug|Any CPU
		{632AA6DC-7A4F-4BB0-8996-9AB528E49DAB}.Debug|Any CPU.Build.0 = Debug|Any CPU
		{632AA6DC-7A4F-4BB0-8996-9AB528E49DAB}.Release|Any CPU.ActiveCfg = Release|Any CPU
		{632AA6DC-7A4F-4BB0-8996-9AB528E49DAB}.Release|Any CPU.Build.0 = Release|Any CPU
		{1127B001-D16A-4512-AAF9-183C150C8D55}.Debug|Any CPU.ActiveCfg = Debug|Any CPU
		{1127B001-D16A-4512-AAF9-183C150C8D55}.Debug|Any CPU.Build.0 = Debug|Any CPU
		{1127B001-D16A-4512-AAF9-183C150C8D55}.Release|Any CPU.ActiveCfg = Release|Any CPU
		{1127B001-D16A-4512-AAF9-183C150C8D55}.Release|Any CPU.Build.0 = Release|Any CPU
		{0D7C43D6-C1F3-464E-9E00-4E50E4605B9D}.Debug|Any CPU.ActiveCfg = Debug|Any CPU
		{0D7C43D6-C1F3-464E-9E00-4E50E4605B9D}.Debug|Any CPU.Build.0 = Debug|Any CPU
		{0D7C43D6-C1F3-464E-9E00-4E50E4605B9D}.Release|Any CPU.ActiveCfg = Release|Any CPU
		{0D7C43D6-C1F3-464E-9E00-4E50E4605B9D}.Release|Any CPU.Build.0 = Release|Any CPU
		{75DFDF0D-4959-4DE7-8CFC-325C4967CC7E}.Debug|Any CPU.ActiveCfg = Debug|Any CPU
		{75DFDF0D-4959-4DE7-8CFC-325C4967CC7E}.Debug|Any CPU.Build.0 = Debug|Any CPU
		{75DFDF0D-4959-4DE7-8CFC-325C4967CC7E}.Release|Any CPU.ActiveCfg = Release|Any CPU
		{75DFDF0D-4959-4DE7-8CFC-325C4967CC7E}.Release|Any CPU.Build.0 = Release|Any CPU
		{8B309167-0A4F-4E06-8423-08DC87591B5E}.Debug|Any CPU.ActiveCfg = Debug|Any CPU
		{8B309167-0A4F-4E06-8423-08DC87591B5E}.Debug|Any CPU.Build.0 = Debug|Any CPU
		{8B309167-0A4F-4E06-8423-08DC87591B5E}.Release|Any CPU.ActiveCfg = Release|Any CPU
		{8B309167-0A4F-4E06-8423-08DC87591B5E}.Release|Any CPU.Build.0 = Release|Any CPU
		{8747F8AB-E8F5-41DF-A8C4-9FF445F06690}.Debug|Any CPU.ActiveCfg = Debug|Any CPU
		{8747F8AB-E8F5-41DF-A8C4-9FF445F06690}.Debug|Any CPU.Build.0 = Debug|Any CPU
		{8747F8AB-E8F5-41DF-A8C4-9FF445F06690}.Release|Any CPU.ActiveCfg = Release|Any CPU
		{8747F8AB-E8F5-41DF-A8C4-9FF445F06690}.Release|Any CPU.Build.0 = Release|Any CPU
	EndGlobalSection
	GlobalSection(SolutionProperties) = preSolution
		HideSolutionNode = FALSE
	EndGlobalSection
	GlobalSection(NestedProjects) = preSolution
		{4F6A9CEE-15AE-4E1D-A8F4-6D89E7B8ECFC} = {E364FBA0-1262-465C-8AD1-6B9859C64D34}
		{CF24D548-893E-4AAA-85DA-AE5E55907155} = {467B140E-EF57-4CB1-BDC2-A032E760CE50}
		{3B8AED12-7214-4284-9696-13D0E6D769B9} = {467B140E-EF57-4CB1-BDC2-A032E760CE50}
		{02AF800E-C0CC-4910-99D8-EB92D5451B66} = {467B140E-EF57-4CB1-BDC2-A032E760CE50}
		{214CDDBB-D1B2-49B1-8313-6696C74BE8DA} = {E364FBA0-1262-465C-8AD1-6B9859C64D34}
		{3D5CDB45-39AB-4E01-9DE4-962D592C88D2} = {467B140E-EF57-4CB1-BDC2-A032E760CE50}
		{B1E48ED1-9F74-43FC-94DC-4B3202DD078A} = {467B140E-EF57-4CB1-BDC2-A032E760CE50}
		{BE7A855B-CBFB-4275-B0DB-6BEDCB4FBF10} = {467B140E-EF57-4CB1-BDC2-A032E760CE50}
		{632AA6DC-7A4F-4BB0-8996-9AB528E49DAB} = {467B140E-EF57-4CB1-BDC2-A032E760CE50}
		{1127B001-D16A-4512-AAF9-183C150C8D55} = {467B140E-EF57-4CB1-BDC2-A032E760CE50}
		{0D7C43D6-C1F3-464E-9E00-4E50E4605B9D} = {41EEE61C-CA95-4DBA-8699-CD436BA8CF89}
		{75DFDF0D-4959-4DE7-8CFC-325C4967CC7E} = {ADDC8770-4CB2-4D7E-983B-9495C81FE775}
		{8B309167-0A4F-4E06-8423-08DC87591B5E} = {41EEE61C-CA95-4DBA-8699-CD436BA8CF89}
		{8747F8AB-E8F5-41DF-A8C4-9FF445F06690} = {ADDC8770-4CB2-4D7E-983B-9495C81FE775}
	EndGlobalSection
	GlobalSection(ExtensibilityGlobals) = postSolution
		SolutionGuid = {B83D8B06-63F3-4B4F-957A-063BEE172667}
	EndGlobalSection
EndGlobal
