
Microsoft Visual Studio Solution File, Format Version 12.00
# Visual Studio Version 16
VisualStudioVersion = 16.0.29215.179
MinimumVisualStudioVersion = 10.0.40219.1
Project("{2150E333-8FDC-42A3-9474-1A3956D46DE8}") = "Framework", "Framework", "{467B140E-EF57-4CB1-BDC2-A032E760CE50}"
EndProject
Project("{2150E333-8FDC-42A3-9474-1A3956D46DE8}") = "Infrastructure", "Infrastructure", "{E364FBA0-1262-465C-8AD1-6B9859C64D34}"
EndProject
Project("{9A19103F-16F7-4668-BE54-9A1E7A4F7556}") = "Borg.Infrastructure.Core", "Borg\Infrastructure\Borg.Infrastructure.Core\Borg.Infrastructure.Core.csproj", "{4F6A9CEE-15AE-4E1D-A8F4-6D89E7B8ECFC}"
EndProject
Project("{9A19103F-16F7-4668-BE54-9A1E7A4F7556}") = "Borg.Framework", "Borg\Framework\Borg.Framework\Borg.Framework.csproj", "{CF24D548-893E-4AAA-85DA-AE5E55907155}"
EndProject
Project("{9A19103F-16F7-4668-BE54-9A1E7A4F7556}") = "Borg.Framework.Autofac", "Borg\Framework\Borg.Framework.Autofac\Borg.Framework.Autofac.csproj", "{3B8AED12-7214-4284-9696-13D0E6D769B9}"
EndProject
Project("{9A19103F-16F7-4668-BE54-9A1E7A4F7556}") = "Borg.Framework.EF", "Borg\Framework\Borg.Framework.EF\Borg.Framework.EF.csproj", "{02AF800E-C0CC-4910-99D8-EB92D5451B66}"
EndProject
Project("{9A19103F-16F7-4668-BE54-9A1E7A4F7556}") = "Borg.Infrastructure.Core.Tests", "Borg\Infrastructure\Borg.Infrastructure.Core.Tests\Borg.Infrastructure.Core.Tests.csproj", "{214CDDBB-D1B2-49B1-8313-6696C74BE8DA}"
EndProject
Project("{9A19103F-16F7-4668-BE54-9A1E7A4F7556}") = "Borg.Common.Test", "Borg\Borg.Common.Test\Borg.Common.Test.csproj", "{6E8DEAC0-84B1-45F8-8F14-27924EDFA9E0}"
EndProject
Project("{2150E333-8FDC-42A3-9474-1A3956D46DE8}") = "Platform", "Platform", "{41EEE61C-CA95-4DBA-8699-CD436BA8CF89}"
EndProject
Project("{9A19103F-16F7-4668-BE54-9A1E7A4F7556}") = "Borg.Platform.Dispatch.NetCore", "Borg\Platform\Borg.Platform.Dispatch.NetCore\Borg.Platform.Dispatch.NetCore.csproj", "{6BC31494-167D-4DC0-85F1-BEE118E11E57}"
EndProject
Project("{9A19103F-16F7-4668-BE54-9A1E7A4F7556}") = "Borg.Platform.Dispatch.Autofac", "Borg\Platform\Borg.Platform.Dispatch.Autofac\Borg.Platform.Dispatch.Autofac.csproj", "{69F3829F-F9DC-44CE-A477-491AA6B81FC5}"
EndProject
Project("{9A19103F-16F7-4668-BE54-9A1E7A4F7556}") = "Borg.Framework.MVC", "Borg\Framework\Borg.Framework.MVC\Borg.Framework.MVC.csproj", "{3D5CDB45-39AB-4E01-9DE4-962D592C88D2}"
EndProject
Project("{9A19103F-16F7-4668-BE54-9A1E7A4F7556}") = "Borg.Framework.Azure", "Borg\Framework\Borg.Framework.Azure\Borg.Framework.Azure.csproj", "{B1E48ED1-9F74-43FC-94DC-4B3202DD078A}"
EndProject
Project("{FAE04EC0-301F-11D3-BF4B-00C04F79EFBC}") = "Borg.Platform.Dispatch.Tests", "Borg\Platform\Borg.Platform.Dispatch.Tests\Borg.Platform.Dispatch.Tests.csproj", "{655BA890-84B9-46B2-9812-D9307957CCE5}"
EndProject
Global
	GlobalSection(SolutionConfigurationPlatforms) = preSolution
		Debug|Any CPU = Debug|Any CPU
		Release|Any CPU = Release|Any CPU
	EndGlobalSection
	GlobalSection(ProjectConfigurationPlatforms) = postSolution
		{4F6A9CEE-15AE-4E1D-A8F4-6D89E7B8ECFC}.Debug|Any CPU.ActiveCfg = Debug|Any CPU
		{4F6A9CEE-15AE-4E1D-A8F4-6D89E7B8ECFC}.Debug|Any CPU.Build.0 = Debug|Any CPU
		{4F6A9CEE-15AE-4E1D-A8F4-6D89E7B8ECFC}.Release|Any CPU.ActiveCfg = Release|Any CPU
		{4F6A9CEE-15AE-4E1D-A8F4-6D89E7B8ECFC}.Release|Any CPU.Build.0 = Release|Any CPU
		{CF24D548-893E-4AAA-85DA-AE5E55907155}.Debug|Any CPU.ActiveCfg = Debug|Any CPU
		{CF24D548-893E-4AAA-85DA-AE5E55907155}.Debug|Any CPU.Build.0 = Debug|Any CPU
		{CF24D548-893E-4AAA-85DA-AE5E55907155}.Release|Any CPU.ActiveCfg = Release|Any CPU
		{CF24D548-893E-4AAA-85DA-AE5E55907155}.Release|Any CPU.Build.0 = Release|Any CPU
		{3B8AED12-7214-4284-9696-13D0E6D769B9}.Debug|Any CPU.ActiveCfg = Debug|Any CPU
		{3B8AED12-7214-4284-9696-13D0E6D769B9}.Debug|Any CPU.Build.0 = Debug|Any CPU
		{3B8AED12-7214-4284-9696-13D0E6D769B9}.Release|Any CPU.ActiveCfg = Release|Any CPU
		{3B8AED12-7214-4284-9696-13D0E6D769B9}.Release|Any CPU.Build.0 = Release|Any CPU
		{02AF800E-C0CC-4910-99D8-EB92D5451B66}.Debug|Any CPU.ActiveCfg = Debug|Any CPU
		{02AF800E-C0CC-4910-99D8-EB92D5451B66}.Debug|Any CPU.Build.0 = Debug|Any CPU
		{02AF800E-C0CC-4910-99D8-EB92D5451B66}.Release|Any CPU.ActiveCfg = Release|Any CPU
		{02AF800E-C0CC-4910-99D8-EB92D5451B66}.Release|Any CPU.Build.0 = Release|Any CPU
		{214CDDBB-D1B2-49B1-8313-6696C74BE8DA}.Debug|Any CPU.ActiveCfg = Debug|Any CPU
		{214CDDBB-D1B2-49B1-8313-6696C74BE8DA}.Debug|Any CPU.Build.0 = Debug|Any CPU
		{214CDDBB-D1B2-49B1-8313-6696C74BE8DA}.Release|Any CPU.ActiveCfg = Release|Any CPU
		{214CDDBB-D1B2-49B1-8313-6696C74BE8DA}.Release|Any CPU.Build.0 = Release|Any CPU
		{6E8DEAC0-84B1-45F8-8F14-27924EDFA9E0}.Debug|Any CPU.ActiveCfg = Debug|Any CPU
		{6E8DEAC0-84B1-45F8-8F14-27924EDFA9E0}.Debug|Any CPU.Build.0 = Debug|Any CPU
		{6E8DEAC0-84B1-45F8-8F14-27924EDFA9E0}.Release|Any CPU.ActiveCfg = Release|Any CPU
		{6E8DEAC0-84B1-45F8-8F14-27924EDFA9E0}.Release|Any CPU.Build.0 = Release|Any CPU
		{6BC31494-167D-4DC0-85F1-BEE118E11E57}.Debug|Any CPU.ActiveCfg = Debug|Any CPU
		{6BC31494-167D-4DC0-85F1-BEE118E11E57}.Debug|Any CPU.Build.0 = Debug|Any CPU
		{6BC31494-167D-4DC0-85F1-BEE118E11E57}.Release|Any CPU.ActiveCfg = Release|Any CPU
		{6BC31494-167D-4DC0-85F1-BEE118E11E57}.Release|Any CPU.Build.0 = Release|Any CPU
		{69F3829F-F9DC-44CE-A477-491AA6B81FC5}.Debug|Any CPU.ActiveCfg = Debug|Any CPU
		{69F3829F-F9DC-44CE-A477-491AA6B81FC5}.Debug|Any CPU.Build.0 = Debug|Any CPU
		{69F3829F-F9DC-44CE-A477-491AA6B81FC5}.Release|Any CPU.ActiveCfg = Release|Any CPU
		{69F3829F-F9DC-44CE-A477-491AA6B81FC5}.Release|Any CPU.Build.0 = Release|Any CPU
		{3D5CDB45-39AB-4E01-9DE4-962D592C88D2}.Debug|Any CPU.ActiveCfg = Debug|Any CPU
		{3D5CDB45-39AB-4E01-9DE4-962D592C88D2}.Debug|Any CPU.Build.0 = Debug|Any CPU
		{3D5CDB45-39AB-4E01-9DE4-962D592C88D2}.Release|Any CPU.ActiveCfg = Release|Any CPU
		{3D5CDB45-39AB-4E01-9DE4-962D592C88D2}.Release|Any CPU.Build.0 = Release|Any CPU
		{B1E48ED1-9F74-43FC-94DC-4B3202DD078A}.Debug|Any CPU.ActiveCfg = Debug|Any CPU
		{B1E48ED1-9F74-43FC-94DC-4B3202DD078A}.Debug|Any CPU.Build.0 = Debug|Any CPU
		{B1E48ED1-9F74-43FC-94DC-4B3202DD078A}.Release|Any CPU.ActiveCfg = Release|Any CPU
		{B1E48ED1-9F74-43FC-94DC-4B3202DD078A}.Release|Any CPU.Build.0 = Release|Any CPU
		{655BA890-84B9-46B2-9812-D9307957CCE5}.Debug|Any CPU.ActiveCfg = Debug|Any CPU
		{655BA890-84B9-46B2-9812-D9307957CCE5}.Debug|Any CPU.Build.0 = Debug|Any CPU
		{655BA890-84B9-46B2-9812-D9307957CCE5}.Release|Any CPU.ActiveCfg = Release|Any CPU
		{655BA890-84B9-46B2-9812-D9307957CCE5}.Release|Any CPU.Build.0 = Release|Any CPU
	EndGlobalSection
	GlobalSection(SolutionProperties) = preSolution
		HideSolutionNode = FALSE
	EndGlobalSection
	GlobalSection(NestedProjects) = preSolution
		{4F6A9CEE-15AE-4E1D-A8F4-6D89E7B8ECFC} = {E364FBA0-1262-465C-8AD1-6B9859C64D34}
		{CF24D548-893E-4AAA-85DA-AE5E55907155} = {467B140E-EF57-4CB1-BDC2-A032E760CE50}
		{3B8AED12-7214-4284-9696-13D0E6D769B9} = {467B140E-EF57-4CB1-BDC2-A032E760CE50}
		{02AF800E-C0CC-4910-99D8-EB92D5451B66} = {467B140E-EF57-4CB1-BDC2-A032E760CE50}
		{214CDDBB-D1B2-49B1-8313-6696C74BE8DA} = {E364FBA0-1262-465C-8AD1-6B9859C64D34}
		{6BC31494-167D-4DC0-85F1-BEE118E11E57} = {41EEE61C-CA95-4DBA-8699-CD436BA8CF89}
		{69F3829F-F9DC-44CE-A477-491AA6B81FC5} = {41EEE61C-CA95-4DBA-8699-CD436BA8CF89}
		{3D5CDB45-39AB-4E01-9DE4-962D592C88D2} = {467B140E-EF57-4CB1-BDC2-A032E760CE50}
		{B1E48ED1-9F74-43FC-94DC-4B3202DD078A} = {467B140E-EF57-4CB1-BDC2-A032E760CE50}
		{655BA890-84B9-46B2-9812-D9307957CCE5} = {41EEE61C-CA95-4DBA-8699-CD436BA8CF89}
	EndGlobalSection
	GlobalSection(ExtensibilityGlobals) = postSolution
		SolutionGuid = {B83D8B06-63F3-4B4F-957A-063BEE172667}
	EndGlobalSection
EndGlobal
