
Microsoft Visual Studio Solution File, Format Version 12.00
# Visual Studio Version 16
VisualStudioVersion = 16.0.29505.145
MinimumVisualStudioVersion = 10.0.40219.1
Project("{2150E333-8FDC-42A3-9474-1A3956D46DE8}") = "Apparatus", "Apparatus", "{EB7BF64F-F724-4D69-8C61-EC6D71F045C0}"
EndProject
Project("{2150E333-8FDC-42A3-9474-1A3956D46DE8}") = "Borg", "Borg", "{CFC23854-C068-4128-8199-BA7845903F67}"
EndProject
Project("{2150E333-8FDC-42A3-9474-1A3956D46DE8}") = "Framework", "Framework", "{70E1C4B2-FC7C-4138-8BF1-8B8D30B11BC2}"
EndProject
Project("{2150E333-8FDC-42A3-9474-1A3956D46DE8}") = "Application", "Application", "{924D469B-7100-4F3B-8368-3A00BD83AB36}"
EndProject
Project("{2150E333-8FDC-42A3-9474-1A3956D46DE8}") = "System", "System", "{B2F0CD34-3AE8-4BF9-80A8-EFEC78943AB5}"
EndProject
Project("{2150E333-8FDC-42A3-9474-1A3956D46DE8}") = "Infrastructure", "Infrastructure", "{58A563FC-BE12-46F3-B449-627221DB618D}"
EndProject
Project("{2150E333-8FDC-42A3-9474-1A3956D46DE8}") = "Platform", "Platform", "{E295A459-D6BF-44A5-A7C1-76EC51491F1B}"
EndProject
Project("{2150E333-8FDC-42A3-9474-1A3956D46DE8}") = "Samples", "Samples", "{B9798EB8-36B6-42DA-A7E0-99FBF67317FC}"
EndProject
Project("{9A19103F-16F7-4668-BE54-9A1E7A4F7556}") = "Apparatus.Application.Server", "Apparatus\Application\Apparatus.Application.Server\Apparatus.Application.Server.csproj", "{99AF74A2-E8F4-4DFB-A9C6-16FC8846BF68}"
EndProject
Project("{9A19103F-16F7-4668-BE54-9A1E7A4F7556}") = "Apparatus.System.Api", "Apparatus\System\Apparatus.System.Api\Apparatus.System.Api.csproj", "{37E9CDB3-FEB3-4307-974E-D4D9D9D6F7BC}"
EndProject
Project("{9A19103F-16F7-4668-BE54-9A1E7A4F7556}") = "Apparatus.System.Backoffice", "Apparatus\System\Apparatus.System.Backoffice\Apparatus.System.Backoffice.csproj", "{5A7BEAE6-8B12-49A2-A182-232FAF58058C}"
EndProject
Project("{9A19103F-16F7-4668-BE54-9A1E7A4F7556}") = "Borg.Framework", "Borg\Framework\Borg.Framework\Borg.Framework.csproj", "{5AD5ADC0-54ED-491A-8480-B852040A42AD}"
EndProject
Project("{9A19103F-16F7-4668-BE54-9A1E7A4F7556}") = "Borg.Common.Test", "Borg\Borg.Common.Test\Borg.Common.Test.csproj", "{81F24899-0302-47C5-963D-6DB63544C95E}"
EndProject
Project("{9A19103F-16F7-4668-BE54-9A1E7A4F7556}") = "Borg.Framework.Autofac", "Borg\Framework\Borg.Framework.Autofac\Borg.Framework.Autofac.csproj", "{40D29DE5-F1B0-466A-A019-CC3E826CCC9E}"
EndProject
Project("{9A19103F-16F7-4668-BE54-9A1E7A4F7556}") = "Borg.Framework.Azure", "Borg\Framework\Borg.Framework.Azure\Borg.Framework.Azure.csproj", "{820138E8-2627-4FED-9D63-705F93C96B9E}"
EndProject
Project("{9A19103F-16F7-4668-BE54-9A1E7A4F7556}") = "Borg.Framework.EF", "Borg\Framework\Borg.Framework.EF\Borg.Framework.EF.csproj", "{D0F9DF27-B4D3-4BD9-AAAB-060605A5B867}"
EndProject
Project("{9A19103F-16F7-4668-BE54-9A1E7A4F7556}") = "Borg.Framework.MVC", "Borg\Framework\Borg.Framework.MVC\Borg.Framework.MVC.csproj", "{FDAA2991-3C01-46E5-AE45-797513D8B325}"
EndProject
Project("{9A19103F-16F7-4668-BE54-9A1E7A4F7556}") = "Borg.Framework.SQLServer", "Borg\Framework\Borg.Framework.SQLServer\Borg.Framework.SQLServer.csproj", "{5248FBCE-850E-49B7-BF36-79D721AD81C1}"
EndProject
Project("{9A19103F-16F7-4668-BE54-9A1E7A4F7556}") = "Borg.Framework.Tests", "Borg\Framework\Borg.Framework.Tests\Borg.Framework.Tests.csproj", "{F12398CE-433C-425C-ACA6-70840C4BDC31}"
EndProject
Project("{9A19103F-16F7-4668-BE54-9A1E7A4F7556}") = "TestFileProviders", "Borg\Framework\TestFileProviders\TestFileProviders.csproj", "{2DDB448C-08D9-4127-BCFA-BB048AB0C38B}"
EndProject
Project("{9A19103F-16F7-4668-BE54-9A1E7A4F7556}") = "Borg.Infrastructure.Core", "Borg\Infrastructure\Borg.Infrastructure.Core\Borg.Infrastructure.Core.csproj", "{41A4BA64-A222-45B8-8FD4-7FA84A369F37}"
EndProject
Project("{9A19103F-16F7-4668-BE54-9A1E7A4F7556}") = "Borg.Infrastructure.Core.Tests", "Borg\Infrastructure\Borg.Infrastructure.Core.Tests\Borg.Infrastructure.Core.Tests.csproj", "{EE97CBCE-F453-44A6-BC00-5BEE2C52A534}"
EndProject
Project("{9A19103F-16F7-4668-BE54-9A1E7A4F7556}") = "Borg.Platform.SQLServer", "Borg\Platform\Borg.Platform.SQLServer\Borg.Platform.SQLServer.csproj", "{8C6CC59D-BD57-4045-8E83-0F71FD597E58}"
EndProject
Project("{9A19103F-16F7-4668-BE54-9A1E7A4F7556}") = "Borg.Platform.Web", "Borg\Platform\Borg.Platform.Web\Borg.Platform.Web.csproj", "{E855D53C-3049-438C-B923-60CF429FAD61}"
EndProject
Project("{9A19103F-16F7-4668-BE54-9A1E7A4F7556}") = "Borg.Samples.Platform.SQLServer", "Borg\Samples\Borg.Samples.Platform.SQLServer\Borg.Samples.Platform.SQLServer.csproj", "{55980D44-114A-4D56-AE65-AC29E1D7E080}"
EndProject
Project("{9A19103F-16F7-4668-BE54-9A1E7A4F7556}") = "Borg.Samples.TagHelpers", "Borg\Samples\Borg.Samples.TagHelpers\Borg.Samples.TagHelpers.csproj", "{4491D72E-05FC-4EBF-A510-A99CB9E075C4}"
EndProject
Project("{9A19103F-16F7-4668-BE54-9A1E7A4F7556}") = "Polemic", "Polemic\Polemic.csproj", "{ACDA423A-322E-4E3B-B651-EF4DF9D063D5}"
EndProject
Project("{9A19103F-16F7-4668-BE54-9A1E7A4F7556}") = "Borg.Framework.Imaging", "Borg\Framework\Borg.Framework.Imaging\Borg.Framework.Imaging.csproj", "{3BAF8785-C628-4C7B-8694-7A6D957A9980}"
EndProject
Project("{9A19103F-16F7-4668-BE54-9A1E7A4F7556}") = "Borg.Platform.Imaging.ImageMagick", "Borg\Platform\Borg.Platform.Imaging.ImageMagick\Borg.Platform.Imaging.ImageMagick.csproj", "{B82AC95B-5A49-42F7-94D2-DC8C5EBD0C46}"
EndProject
Global
	GlobalSection(SolutionConfigurationPlatforms) = preSolution
		Debug|Any CPU = Debug|Any CPU
		Release|Any CPU = Release|Any CPU
	EndGlobalSection
	GlobalSection(ProjectConfigurationPlatforms) = postSolution
		{99AF74A2-E8F4-4DFB-A9C6-16FC8846BF68}.Debug|Any CPU.ActiveCfg = Debug|Any CPU
		{99AF74A2-E8F4-4DFB-A9C6-16FC8846BF68}.Debug|Any CPU.Build.0 = Debug|Any CPU
		{99AF74A2-E8F4-4DFB-A9C6-16FC8846BF68}.Release|Any CPU.ActiveCfg = Release|Any CPU
		{99AF74A2-E8F4-4DFB-A9C6-16FC8846BF68}.Release|Any CPU.Build.0 = Release|Any CPU
		{37E9CDB3-FEB3-4307-974E-D4D9D9D6F7BC}.Debug|Any CPU.ActiveCfg = Debug|Any CPU
		{37E9CDB3-FEB3-4307-974E-D4D9D9D6F7BC}.Debug|Any CPU.Build.0 = Debug|Any CPU
		{37E9CDB3-FEB3-4307-974E-D4D9D9D6F7BC}.Release|Any CPU.ActiveCfg = Release|Any CPU
		{37E9CDB3-FEB3-4307-974E-D4D9D9D6F7BC}.Release|Any CPU.Build.0 = Release|Any CPU
		{5A7BEAE6-8B12-49A2-A182-232FAF58058C}.Debug|Any CPU.ActiveCfg = Debug|Any CPU
		{5A7BEAE6-8B12-49A2-A182-232FAF58058C}.Debug|Any CPU.Build.0 = Debug|Any CPU
		{5A7BEAE6-8B12-49A2-A182-232FAF58058C}.Release|Any CPU.ActiveCfg = Release|Any CPU
		{5A7BEAE6-8B12-49A2-A182-232FAF58058C}.Release|Any CPU.Build.0 = Release|Any CPU
		{5AD5ADC0-54ED-491A-8480-B852040A42AD}.Debug|Any CPU.ActiveCfg = Debug|Any CPU
		{5AD5ADC0-54ED-491A-8480-B852040A42AD}.Debug|Any CPU.Build.0 = Debug|Any CPU
		{5AD5ADC0-54ED-491A-8480-B852040A42AD}.Release|Any CPU.ActiveCfg = Release|Any CPU
		{5AD5ADC0-54ED-491A-8480-B852040A42AD}.Release|Any CPU.Build.0 = Release|Any CPU
		{81F24899-0302-47C5-963D-6DB63544C95E}.Debug|Any CPU.ActiveCfg = Debug|Any CPU
		{81F24899-0302-47C5-963D-6DB63544C95E}.Debug|Any CPU.Build.0 = Debug|Any CPU
		{81F24899-0302-47C5-963D-6DB63544C95E}.Release|Any CPU.ActiveCfg = Release|Any CPU
		{81F24899-0302-47C5-963D-6DB63544C95E}.Release|Any CPU.Build.0 = Release|Any CPU
		{40D29DE5-F1B0-466A-A019-CC3E826CCC9E}.Debug|Any CPU.ActiveCfg = Debug|Any CPU
		{40D29DE5-F1B0-466A-A019-CC3E826CCC9E}.Debug|Any CPU.Build.0 = Debug|Any CPU
		{40D29DE5-F1B0-466A-A019-CC3E826CCC9E}.Release|Any CPU.ActiveCfg = Release|Any CPU
		{40D29DE5-F1B0-466A-A019-CC3E826CCC9E}.Release|Any CPU.Build.0 = Release|Any CPU
		{820138E8-2627-4FED-9D63-705F93C96B9E}.Debug|Any CPU.ActiveCfg = Debug|Any CPU
		{820138E8-2627-4FED-9D63-705F93C96B9E}.Debug|Any CPU.Build.0 = Debug|Any CPU
		{820138E8-2627-4FED-9D63-705F93C96B9E}.Release|Any CPU.ActiveCfg = Release|Any CPU
		{820138E8-2627-4FED-9D63-705F93C96B9E}.Release|Any CPU.Build.0 = Release|Any CPU
		{D0F9DF27-B4D3-4BD9-AAAB-060605A5B867}.Debug|Any CPU.ActiveCfg = Debug|Any CPU
		{D0F9DF27-B4D3-4BD9-AAAB-060605A5B867}.Debug|Any CPU.Build.0 = Debug|Any CPU
		{D0F9DF27-B4D3-4BD9-AAAB-060605A5B867}.Release|Any CPU.ActiveCfg = Release|Any CPU
		{D0F9DF27-B4D3-4BD9-AAAB-060605A5B867}.Release|Any CPU.Build.0 = Release|Any CPU
		{FDAA2991-3C01-46E5-AE45-797513D8B325}.Debug|Any CPU.ActiveCfg = Debug|Any CPU
		{FDAA2991-3C01-46E5-AE45-797513D8B325}.Debug|Any CPU.Build.0 = Debug|Any CPU
		{FDAA2991-3C01-46E5-AE45-797513D8B325}.Release|Any CPU.ActiveCfg = Release|Any CPU
		{FDAA2991-3C01-46E5-AE45-797513D8B325}.Release|Any CPU.Build.0 = Release|Any CPU
		{5248FBCE-850E-49B7-BF36-79D721AD81C1}.Debug|Any CPU.ActiveCfg = Debug|Any CPU
		{5248FBCE-850E-49B7-BF36-79D721AD81C1}.Debug|Any CPU.Build.0 = Debug|Any CPU
		{5248FBCE-850E-49B7-BF36-79D721AD81C1}.Release|Any CPU.ActiveCfg = Release|Any CPU
		{5248FBCE-850E-49B7-BF36-79D721AD81C1}.Release|Any CPU.Build.0 = Release|Any CPU
		{F12398CE-433C-425C-ACA6-70840C4BDC31}.Debug|Any CPU.ActiveCfg = Debug|Any CPU
		{F12398CE-433C-425C-ACA6-70840C4BDC31}.Debug|Any CPU.Build.0 = Debug|Any CPU
		{F12398CE-433C-425C-ACA6-70840C4BDC31}.Release|Any CPU.ActiveCfg = Release|Any CPU
		{F12398CE-433C-425C-ACA6-70840C4BDC31}.Release|Any CPU.Build.0 = Release|Any CPU
		{2DDB448C-08D9-4127-BCFA-BB048AB0C38B}.Debug|Any CPU.ActiveCfg = Debug|Any CPU
		{2DDB448C-08D9-4127-BCFA-BB048AB0C38B}.Debug|Any CPU.Build.0 = Debug|Any CPU
		{2DDB448C-08D9-4127-BCFA-BB048AB0C38B}.Release|Any CPU.ActiveCfg = Release|Any CPU
		{2DDB448C-08D9-4127-BCFA-BB048AB0C38B}.Release|Any CPU.Build.0 = Release|Any CPU
		{41A4BA64-A222-45B8-8FD4-7FA84A369F37}.Debug|Any CPU.ActiveCfg = Debug|Any CPU
		{41A4BA64-A222-45B8-8FD4-7FA84A369F37}.Debug|Any CPU.Build.0 = Debug|Any CPU
		{41A4BA64-A222-45B8-8FD4-7FA84A369F37}.Release|Any CPU.ActiveCfg = Release|Any CPU
		{41A4BA64-A222-45B8-8FD4-7FA84A369F37}.Release|Any CPU.Build.0 = Release|Any CPU
		{EE97CBCE-F453-44A6-BC00-5BEE2C52A534}.Debug|Any CPU.ActiveCfg = Debug|Any CPU
		{EE97CBCE-F453-44A6-BC00-5BEE2C52A534}.Debug|Any CPU.Build.0 = Debug|Any CPU
		{EE97CBCE-F453-44A6-BC00-5BEE2C52A534}.Release|Any CPU.ActiveCfg = Release|Any CPU
		{EE97CBCE-F453-44A6-BC00-5BEE2C52A534}.Release|Any CPU.Build.0 = Release|Any CPU
		{8C6CC59D-BD57-4045-8E83-0F71FD597E58}.Debug|Any CPU.ActiveCfg = Debug|Any CPU
		{8C6CC59D-BD57-4045-8E83-0F71FD597E58}.Debug|Any CPU.Build.0 = Debug|Any CPU
		{8C6CC59D-BD57-4045-8E83-0F71FD597E58}.Release|Any CPU.ActiveCfg = Release|Any CPU
		{8C6CC59D-BD57-4045-8E83-0F71FD597E58}.Release|Any CPU.Build.0 = Release|Any CPU
		{E855D53C-3049-438C-B923-60CF429FAD61}.Debug|Any CPU.ActiveCfg = Debug|Any CPU
		{E855D53C-3049-438C-B923-60CF429FAD61}.Debug|Any CPU.Build.0 = Debug|Any CPU
		{E855D53C-3049-438C-B923-60CF429FAD61}.Release|Any CPU.ActiveCfg = Release|Any CPU
		{E855D53C-3049-438C-B923-60CF429FAD61}.Release|Any CPU.Build.0 = Release|Any CPU
		{55980D44-114A-4D56-AE65-AC29E1D7E080}.Debug|Any CPU.ActiveCfg = Debug|Any CPU
		{55980D44-114A-4D56-AE65-AC29E1D7E080}.Debug|Any CPU.Build.0 = Debug|Any CPU
		{55980D44-114A-4D56-AE65-AC29E1D7E080}.Release|Any CPU.ActiveCfg = Release|Any CPU
		{55980D44-114A-4D56-AE65-AC29E1D7E080}.Release|Any CPU.Build.0 = Release|Any CPU
		{4491D72E-05FC-4EBF-A510-A99CB9E075C4}.Debug|Any CPU.ActiveCfg = Debug|Any CPU
		{4491D72E-05FC-4EBF-A510-A99CB9E075C4}.Debug|Any CPU.Build.0 = Debug|Any CPU
		{4491D72E-05FC-4EBF-A510-A99CB9E075C4}.Release|Any CPU.ActiveCfg = Release|Any CPU
		{4491D72E-05FC-4EBF-A510-A99CB9E075C4}.Release|Any CPU.Build.0 = Release|Any CPU
		{ACDA423A-322E-4E3B-B651-EF4DF9D063D5}.Debug|Any CPU.ActiveCfg = Debug|Any CPU
		{ACDA423A-322E-4E3B-B651-EF4DF9D063D5}.Debug|Any CPU.Build.0 = Debug|Any CPU
		{ACDA423A-322E-4E3B-B651-EF4DF9D063D5}.Release|Any CPU.ActiveCfg = Release|Any CPU
		{ACDA423A-322E-4E3B-B651-EF4DF9D063D5}.Release|Any CPU.Build.0 = Release|Any CPU
		{3BAF8785-C628-4C7B-8694-7A6D957A9980}.Debug|Any CPU.ActiveCfg = Debug|Any CPU
		{3BAF8785-C628-4C7B-8694-7A6D957A9980}.Debug|Any CPU.Build.0 = Debug|Any CPU
		{3BAF8785-C628-4C7B-8694-7A6D957A9980}.Release|Any CPU.ActiveCfg = Release|Any CPU
		{3BAF8785-C628-4C7B-8694-7A6D957A9980}.Release|Any CPU.Build.0 = Release|Any CPU
		{B82AC95B-5A49-42F7-94D2-DC8C5EBD0C46}.Debug|Any CPU.ActiveCfg = Debug|Any CPU
		{B82AC95B-5A49-42F7-94D2-DC8C5EBD0C46}.Debug|Any CPU.Build.0 = Debug|Any CPU
		{B82AC95B-5A49-42F7-94D2-DC8C5EBD0C46}.Release|Any CPU.ActiveCfg = Release|Any CPU
		{B82AC95B-5A49-42F7-94D2-DC8C5EBD0C46}.Release|Any CPU.Build.0 = Release|Any CPU
	EndGlobalSection
	GlobalSection(SolutionProperties) = preSolution
		HideSolutionNode = FALSE
	EndGlobalSection
	GlobalSection(NestedProjects) = preSolution
		{70E1C4B2-FC7C-4138-8BF1-8B8D30B11BC2} = {CFC23854-C068-4128-8199-BA7845903F67}
		{924D469B-7100-4F3B-8368-3A00BD83AB36} = {EB7BF64F-F724-4D69-8C61-EC6D71F045C0}
		{B2F0CD34-3AE8-4BF9-80A8-EFEC78943AB5} = {EB7BF64F-F724-4D69-8C61-EC6D71F045C0}
		{58A563FC-BE12-46F3-B449-627221DB618D} = {CFC23854-C068-4128-8199-BA7845903F67}
		{E295A459-D6BF-44A5-A7C1-76EC51491F1B} = {CFC23854-C068-4128-8199-BA7845903F67}
		{B9798EB8-36B6-42DA-A7E0-99FBF67317FC} = {CFC23854-C068-4128-8199-BA7845903F67}
		{99AF74A2-E8F4-4DFB-A9C6-16FC8846BF68} = {924D469B-7100-4F3B-8368-3A00BD83AB36}
		{37E9CDB3-FEB3-4307-974E-D4D9D9D6F7BC} = {B2F0CD34-3AE8-4BF9-80A8-EFEC78943AB5}
		{5A7BEAE6-8B12-49A2-A182-232FAF58058C} = {B2F0CD34-3AE8-4BF9-80A8-EFEC78943AB5}
		{5AD5ADC0-54ED-491A-8480-B852040A42AD} = {70E1C4B2-FC7C-4138-8BF1-8B8D30B11BC2}
		{81F24899-0302-47C5-963D-6DB63544C95E} = {CFC23854-C068-4128-8199-BA7845903F67}
		{40D29DE5-F1B0-466A-A019-CC3E826CCC9E} = {70E1C4B2-FC7C-4138-8BF1-8B8D30B11BC2}
		{820138E8-2627-4FED-9D63-705F93C96B9E} = {70E1C4B2-FC7C-4138-8BF1-8B8D30B11BC2}
		{D0F9DF27-B4D3-4BD9-AAAB-060605A5B867} = {70E1C4B2-FC7C-4138-8BF1-8B8D30B11BC2}
		{FDAA2991-3C01-46E5-AE45-797513D8B325} = {70E1C4B2-FC7C-4138-8BF1-8B8D30B11BC2}
		{5248FBCE-850E-49B7-BF36-79D721AD81C1} = {70E1C4B2-FC7C-4138-8BF1-8B8D30B11BC2}
		{F12398CE-433C-425C-ACA6-70840C4BDC31} = {70E1C4B2-FC7C-4138-8BF1-8B8D30B11BC2}
		{2DDB448C-08D9-4127-BCFA-BB048AB0C38B} = {70E1C4B2-FC7C-4138-8BF1-8B8D30B11BC2}
		{41A4BA64-A222-45B8-8FD4-7FA84A369F37} = {58A563FC-BE12-46F3-B449-627221DB618D}
		{EE97CBCE-F453-44A6-BC00-5BEE2C52A534} = {58A563FC-BE12-46F3-B449-627221DB618D}
		{8C6CC59D-BD57-4045-8E83-0F71FD597E58} = {E295A459-D6BF-44A5-A7C1-76EC51491F1B}
		{E855D53C-3049-438C-B923-60CF429FAD61} = {E295A459-D6BF-44A5-A7C1-76EC51491F1B}
		{55980D44-114A-4D56-AE65-AC29E1D7E080} = {B9798EB8-36B6-42DA-A7E0-99FBF67317FC}
		{4491D72E-05FC-4EBF-A510-A99CB9E075C4} = {B9798EB8-36B6-42DA-A7E0-99FBF67317FC}
		{3BAF8785-C628-4C7B-8694-7A6D957A9980} = {70E1C4B2-FC7C-4138-8BF1-8B8D30B11BC2}
		{B82AC95B-5A49-42F7-94D2-DC8C5EBD0C46} = {E295A459-D6BF-44A5-A7C1-76EC51491F1B}
	EndGlobalSection
	GlobalSection(ExtensibilityGlobals) = postSolution
		SolutionGuid = {F58687F5-8A23-4BA7-99C2-D6A143559C98}
	EndGlobalSection
EndGlobal
